
Microsoft Visual Studio Solution File, Format Version 12.00
# Visual Studio Version 17
VisualStudioVersion = 17.7.34202.233
MinimumVisualStudioVersion = 10.0.40219.1
Project("{9A19103F-16F7-4668-BE54-9A1E7A4F7556}") = "InleveropdrachtFrituur", "InleveropdrachtFrituur\InleveropdrachtFrituur.csproj", "{CC675BCA-C5DD-4228-9D2F-B408F0868073}"
EndProject
Project("{FAE04EC0-301F-11D3-BF4B-00C04F79EFBC}") = "ApiInleverOpdracht", "ApiInleverOpdracht\ApiInleverOpdracht.csproj", "{6956B243-DC1F-405B-B25C-ACD41E323FD2}"
EndProject
Global
	GlobalSection(SolutionConfigurationPlatforms) = preSolution
		Debug|Any CPU = Debug|Any CPU
		Release|Any CPU = Release|Any CPU
	EndGlobalSection
	GlobalSection(ProjectConfigurationPlatforms) = postSolution
		{CC675BCA-C5DD-4228-9D2F-B408F0868073}.Debug|Any CPU.ActiveCfg = Debug|Any CPU
		{CC675BCA-C5DD-4228-9D2F-B408F0868073}.Debug|Any CPU.Build.0 = Debug|Any CPU
		{CC675BCA-C5DD-4228-9D2F-B408F0868073}.Release|Any CPU.ActiveCfg = Release|Any CPU
		{CC675BCA-C5DD-4228-9D2F-B408F0868073}.Release|Any CPU.Build.0 = Release|Any CPU
		{6956B243-DC1F-405B-B25C-ACD41E323FD2}.Debug|Any CPU.ActiveCfg = Debug|Any CPU
		{6956B243-DC1F-405B-B25C-ACD41E323FD2}.Debug|Any CPU.Build.0 = Debug|Any CPU
		{6956B243-DC1F-405B-B25C-ACD41E323FD2}.Release|Any CPU.ActiveCfg = Release|Any CPU
		{6956B243-DC1F-405B-B25C-ACD41E323FD2}.Release|Any CPU.Build.0 = Release|Any CPU
	EndGlobalSection
	GlobalSection(SolutionProperties) = preSolution
		HideSolutionNode = FALSE
	EndGlobalSection
	GlobalSection(ExtensibilityGlobals) = postSolution
		SolutionGuid = {51FAE933-E5DD-4683-A5EA-4CB4DCEE1712}
	EndGlobalSection
EndGlobal
